// !$*UTF8*$!
{
	archiveVersion = 1;
	classes = {
	};
	objectVersion = 46;
	objects = {

/* Begin PBXBuildFile section */
		4D8A4B351BBEAF9A0003E192 /* libkernel.a in Frameworks */ = {isa = PBXBuildFile; fileRef = 4D8A4B341BBEAF9A0003E192 /* libkernel.a */; settings = {ASSET_TAGS = (); }; };
		4DA37BC8185F74CE000E9736 /* InfoPlist.strings in Resources */ = {isa = PBXBuildFile; fileRef = 4DA37BC6185F74CE000E9736 /* InfoPlist.strings */; };
		4DA37BD7185F84CD000E9736 /* RustyKext.c in Sources */ = {isa = PBXBuildFile; fileRef = 4DA37BC9185F74CE000E9736 /* RustyKext.c */; };
/* End PBXBuildFile section */

/* Begin PBXContainerItemProxy section */
		4D9BD7251860160E00F9FC50 /* PBXContainerItemProxy */ = {
			isa = PBXContainerItemProxy;
			containerPortal = 4DA37BB4185F74CE000E9736 /* Project object */;
			proxyType = 1;
			remoteGlobalIDString = 4D9BD7201860134900F9FC50;
			remoteInfo = RustSrc;
		};
/* End PBXContainerItemProxy section */

/* Begin PBXFileReference section */
		4D8A4B341BBEAF9A0003E192 /* libkernel.a */ = {isa = PBXFileReference; lastKnownFileType = archive.ar; name = libkernel.a; path = kernel/target/debug/libkernel.a; sourceTree = "<group>"; };
		4DA37BBE185F74CE000E9736 /* RustyKext.kext */ = {isa = PBXFileReference; explicitFileType = wrapper.cfbundle; includeInIndex = 0; path = RustyKext.kext; sourceTree = BUILT_PRODUCTS_DIR; };
		4DA37BC2185F74CE000E9736 /* Kernel.framework */ = {isa = PBXFileReference; lastKnownFileType = wrapper.framework; name = Kernel.framework; path = System/Library/Frameworks/Kernel.framework; sourceTree = SDKROOT; };
		4DA37BC5185F74CE000E9736 /* RustyKext-Info.plist */ = {isa = PBXFileReference; lastKnownFileType = text.plist.xml; path = "RustyKext-Info.plist"; sourceTree = "<group>"; };
		4DA37BC7185F74CE000E9736 /* en */ = {isa = PBXFileReference; lastKnownFileType = text.plist.strings; name = en; path = en.lproj/InfoPlist.strings; sourceTree = "<group>"; };
		4DA37BC9185F74CE000E9736 /* RustyKext.c */ = {isa = PBXFileReference; lastKnownFileType = sourcecode.c.c; path = RustyKext.c; sourceTree = "<group>"; };
		4DA37BCB185F74CE000E9736 /* RustyKext-Prefix.pch */ = {isa = PBXFileReference; lastKnownFileType = sourcecode.c.h; path = "RustyKext-Prefix.pch"; sourceTree = "<group>"; };
/* End PBXFileReference section */

/* Begin PBXFrameworksBuildPhase section */
		4DA37BB9185F74CE000E9736 /* Frameworks */ = {
			isa = PBXFrameworksBuildPhase;
			buildActionMask = 2147483647;
			files = (
				4D8A4B351BBEAF9A0003E192 /* libkernel.a in Frameworks */,
			);
			runOnlyForDeploymentPostprocessing = 0;
		};
/* End PBXFrameworksBuildPhase section */

/* Begin PBXGroup section */
		4DA37BB3185F74CE000E9736 = {
			isa = PBXGroup;
			children = (
				4DA37BC3185F74CE000E9736 /* RustyKext */,
				4DA37BC0185F74CE000E9736 /* Frameworks */,
				4DA37BBF185F74CE000E9736 /* Products */,
			);
			sourceTree = "<group>";
		};
		4DA37BBF185F74CE000E9736 /* Products */ = {
			isa = PBXGroup;
			children = (
				4DA37BBE185F74CE000E9736 /* RustyKext.kext */,
			);
			name = Products;
			sourceTree = "<group>";
		};
		4DA37BC0185F74CE000E9736 /* Frameworks */ = {
			isa = PBXGroup;
			children = (
				4D8A4B341BBEAF9A0003E192 /* libkernel.a */,
				4DA37BC1185F74CE000E9736 /* Other Frameworks */,
			);
			name = Frameworks;
			sourceTree = "<group>";
		};
		4DA37BC1185F74CE000E9736 /* Other Frameworks */ = {
			isa = PBXGroup;
			children = (
				4DA37BC2185F74CE000E9736 /* Kernel.framework */,
			);
			name = "Other Frameworks";
			sourceTree = "<group>";
		};
		4DA37BC3185F74CE000E9736 /* RustyKext */ = {
			isa = PBXGroup;
			children = (
				4DA37BC9185F74CE000E9736 /* RustyKext.c */,
				4DA37BC4185F74CE000E9736 /* Supporting Files */,
			);
			path = RustyKext;
			sourceTree = "<group>";
		};
		4DA37BC4185F74CE000E9736 /* Supporting Files */ = {
			isa = PBXGroup;
			children = (
				4DA37BC5185F74CE000E9736 /* RustyKext-Info.plist */,
				4DA37BC6185F74CE000E9736 /* InfoPlist.strings */,
				4DA37BCB185F74CE000E9736 /* RustyKext-Prefix.pch */,
			);
			name = "Supporting Files";
			sourceTree = "<group>";
		};
/* End PBXGroup section */

/* Begin PBXHeadersBuildPhase section */
		4DA37BBA185F74CE000E9736 /* Headers */ = {
			isa = PBXHeadersBuildPhase;
			buildActionMask = 2147483647;
			files = (
			);
			runOnlyForDeploymentPostprocessing = 0;
		};
/* End PBXHeadersBuildPhase section */

/* Begin PBXLegacyTarget section */
		4D9BD7201860134900F9FC50 /* RustSrc */ = {
			isa = PBXLegacyTarget;
			buildArgumentsString = build;
			buildConfigurationList = 4D9BD7211860134900F9FC50 /* Build configuration list for PBXLegacyTarget "RustSrc" */;
			buildPhases = (
			);
			buildToolPath = /usr/local/bin/cargo;
			buildWorkingDirectory = /Users/astavonin/projects/RustyKext/kernel;
			dependencies = (
			);
			name = RustSrc;
			passBuildSettingsInEnvironment = 1;
			productName = RustSrc;
		};
/* End PBXLegacyTarget section */

/* Begin PBXNativeTarget section */
		4DA37BBD185F74CE000E9736 /* RustyKext */ = {
			isa = PBXNativeTarget;
			buildConfigurationList = 4DA37BCE185F74CE000E9736 /* Build configuration list for PBXNativeTarget "RustyKext" */;
			buildPhases = (
				4DA37BB8185F74CE000E9736 /* Sources */,
				4DA37BB9185F74CE000E9736 /* Frameworks */,
				4DA37BBA185F74CE000E9736 /* Headers */,
				4DA37BBB185F74CE000E9736 /* Resources */,
				4DA37BBC185F74CE000E9736 /* Rez */,
				4D8A7912185F84EF0075E20D /* ShellScript */,
			);
			buildRules = (
			);
			dependencies = (
				4D9BD7261860160E00F9FC50 /* PBXTargetDependency */,
			);
			name = RustyKext;
			productName = RustyKext;
			productReference = 4DA37BBE185F74CE000E9736 /* RustyKext.kext */;
			productType = "com.apple.product-type.kernel-extension";
		};
/* End PBXNativeTarget section */

/* Begin PBXProject section */
		4DA37BB4185F74CE000E9736 /* Project object */ = {
			isa = PBXProject;
			attributes = {
				LastUpgradeCheck = 0500;
				ORGANIZATIONNAME = "Alexander Stavonin";
			};
			buildConfigurationList = 4DA37BB7185F74CE000E9736 /* Build configuration list for PBXProject "RustyKext" */;
			compatibilityVersion = "Xcode 3.2";
			developmentRegion = English;
			hasScannedForEncodings = 0;
			knownRegions = (
				en,
			);
			mainGroup = 4DA37BB3185F74CE000E9736;
			productRefGroup = 4DA37BBF185F74CE000E9736 /* Products */;
			projectDirPath = "";
			projectRoot = "";
			targets = (
				4DA37BBD185F74CE000E9736 /* RustyKext */,
				4D9BD7201860134900F9FC50 /* RustSrc */,
			);
		};
/* End PBXProject section */

/* Begin PBXResourcesBuildPhase section */
		4DA37BBB185F74CE000E9736 /* Resources */ = {
			isa = PBXResourcesBuildPhase;
			buildActionMask = 2147483647;
			files = (
				4DA37BC8185F74CE000E9736 /* InfoPlist.strings in Resources */,
			);
			runOnlyForDeploymentPostprocessing = 0;
		};
/* End PBXResourcesBuildPhase section */

/* Begin PBXRezBuildPhase section */
		4DA37BBC185F74CE000E9736 /* Rez */ = {
			isa = PBXRezBuildPhase;
			buildActionMask = 2147483647;
			files = (
			);
			runOnlyForDeploymentPostprocessing = 0;
		};
/* End PBXRezBuildPhase section */

/* Begin PBXShellScriptBuildPhase section */
		4D8A7912185F84EF0075E20D /* ShellScript */ = {
			isa = PBXShellScriptBuildPhase;
			buildActionMask = 2147483647;
			files = (
			);
			inputPaths = (
			);
			outputPaths = (
			);
			runOnlyForDeploymentPostprocessing = 0;
			shellPath = /bin/sh;
			shellScript = "";
		};
/* End PBXShellScriptBuildPhase section */

/* Begin PBXSourcesBuildPhase section */
		4DA37BB8185F74CE000E9736 /* Sources */ = {
			isa = PBXSourcesBuildPhase;
			buildActionMask = 2147483647;
			files = (
				4DA37BD7185F84CD000E9736 /* RustyKext.c in Sources */,
			);
			runOnlyForDeploymentPostprocessing = 0;
		};
/* End PBXSourcesBuildPhase section */

/* Begin PBXTargetDependency section */
		4D9BD7261860160E00F9FC50 /* PBXTargetDependency */ = {
			isa = PBXTargetDependency;
			target = 4D9BD7201860134900F9FC50 /* RustSrc */;
			targetProxy = 4D9BD7251860160E00F9FC50 /* PBXContainerItemProxy */;
		};
/* End PBXTargetDependency section */

/* Begin PBXVariantGroup section */
		4DA37BC6185F74CE000E9736 /* InfoPlist.strings */ = {
			isa = PBXVariantGroup;
			children = (
				4DA37BC7185F74CE000E9736 /* en */,
			);
			name = InfoPlist.strings;
			sourceTree = "<group>";
		};
/* End PBXVariantGroup section */

/* Begin XCBuildConfiguration section */
		4D9BD7221860134900F9FC50 /* Debug */ = {
			isa = XCBuildConfiguration;
			buildSettings = {
				DEBUGGING_SYMBOLS = YES;
				GCC_GENERATE_DEBUGGING_SYMBOLS = YES;
				GCC_OPTIMIZATION_LEVEL = 0;
				GCC_PREPROCESSOR_DEFINITIONS = (
					"DEBUG=1",
					"$(inherited)",
				);
				OTHER_CFLAGS = "";
				OTHER_LDFLAGS = "";
				PRODUCT_NAME = "$(TARGET_NAME)";
			};
			name = Debug;
		};
		4D9BD7231860134900F9FC50 /* Release */ = {
			isa = XCBuildConfiguration;
			buildSettings = {
				OTHER_CFLAGS = "";
				OTHER_LDFLAGS = "";
				PRODUCT_NAME = "$(TARGET_NAME)";
			};
			name = Release;
		};
		4DA37BCC185F74CE000E9736 /* Debug */ = {
			isa = XCBuildConfiguration;
			buildSettings = {
				ALWAYS_SEARCH_USER_PATHS = NO;
				CLANG_CXX_LANGUAGE_STANDARD = "gnu++0x";
				CLANG_CXX_LIBRARY = "libc++";
				CLANG_ENABLE_OBJC_ARC = YES;
				CLANG_WARN_BOOL_CONVERSION = YES;
				CLANG_WARN_CONSTANT_CONVERSION = YES;
				CLANG_WARN_DIRECT_OBJC_ISA_USAGE = YES_ERROR;
				CLANG_WARN_EMPTY_BODY = YES;
				CLANG_WARN_ENUM_CONVERSION = YES;
				CLANG_WARN_INT_CONVERSION = YES;
				CLANG_WARN_OBJC_ROOT_CLASS = YES_ERROR;
				CLANG_WARN__DUPLICATE_METHOD_MATCH = YES;
				COPY_PHASE_STRIP = NO;
				GCC_C_LANGUAGE_STANDARD = gnu99;
				GCC_DYNAMIC_NO_PIC = NO;
				GCC_ENABLE_OBJC_EXCEPTIONS = YES;
				GCC_OPTIMIZATION_LEVEL = 0;
				GCC_PREPROCESSOR_DEFINITIONS = (
					"DEBUG=1",
					"$(inherited)",
				);
				GCC_SYMBOLS_PRIVATE_EXTERN = NO;
				GCC_WARN_64_TO_32_BIT_CONVERSION = YES;
				GCC_WARN_ABOUT_RETURN_TYPE = YES_ERROR;
				GCC_WARN_UNDECLARED_SELECTOR = YES;
				GCC_WARN_UNINITIALIZED_AUTOS = YES;
				GCC_WARN_UNUSED_FUNCTION = YES;
				GCC_WARN_UNUSED_VARIABLE = YES;
				MACOSX_DEPLOYMENT_TARGET = 10.9;
				ONLY_ACTIVE_ARCH = YES;
				SDKROOT = macosx;
			};
			name = Debug;
		};
		4DA37BCD185F74CE000E9736 /* Release */ = {
			isa = XCBuildConfiguration;
			buildSettings = {
				ALWAYS_SEARCH_USER_PATHS = NO;
				CLANG_CXX_LANGUAGE_STANDARD = "gnu++0x";
				CLANG_CXX_LIBRARY = "libc++";
				CLANG_ENABLE_OBJC_ARC = YES;
				CLANG_WARN_BOOL_CONVERSION = YES;
				CLANG_WARN_CONSTANT_CONVERSION = YES;
				CLANG_WARN_DIRECT_OBJC_ISA_USAGE = YES_ERROR;
				CLANG_WARN_EMPTY_BODY = YES;
				CLANG_WARN_ENUM_CONVERSION = YES;
				CLANG_WARN_INT_CONVERSION = YES;
				CLANG_WARN_OBJC_ROOT_CLASS = YES_ERROR;
				CLANG_WARN__DUPLICATE_METHOD_MATCH = YES;
				COPY_PHASE_STRIP = YES;
				DEBUG_INFORMATION_FORMAT = "dwarf-with-dsym";
				ENABLE_NS_ASSERTIONS = NO;
				GCC_C_LANGUAGE_STANDARD = gnu99;
				GCC_ENABLE_OBJC_EXCEPTIONS = YES;
				GCC_WARN_64_TO_32_BIT_CONVERSION = YES;
				GCC_WARN_ABOUT_RETURN_TYPE = YES_ERROR;
				GCC_WARN_UNDECLARED_SELECTOR = YES;
				GCC_WARN_UNINITIALIZED_AUTOS = YES;
				GCC_WARN_UNUSED_FUNCTION = YES;
				GCC_WARN_UNUSED_VARIABLE = YES;
				MACOSX_DEPLOYMENT_TARGET = 10.9;
				SDKROOT = macosx;
			};
			name = Release;
		};
		4DA37BCF185F74CE000E9736 /* Debug */ = {
			isa = XCBuildConfiguration;
			buildSettings = {
				CODE_SIGN_IDENTITY = "";
				COMBINE_HIDPI_IMAGES = YES;
				GCC_PRECOMPILE_PREFIX_HEADER = YES;
				GCC_PREFIX_HEADER = "RustyKext/RustyKext-Prefix.pch";
				INFOPLIST_FILE = "RustyKext/RustyKext-Info.plist";
				LIBRARY_SEARCH_PATHS = (
					"$(inherited)",
					"$(PROJECT_DIR)/kernel/target/debug",
				);
				MODULE_NAME = me.sysdev.RustyKext.RustyKext;
				MODULE_START = RustyKext_start;
				MODULE_STOP = RustyKext_stop;
				MODULE_VERSION = 1.0.0d1;
				PRODUCT_NAME = "$(TARGET_NAME)";
				SDKROOT = macosx10.10;
				WRAPPER_EXTENSION = kext;
			};
			name = Debug;
		};
		4DA37BD0185F74CE000E9736 /* Release */ = {
			isa = XCBuildConfiguration;
			buildSettings = {
				CODE_SIGN_IDENTITY = "";
				COMBINE_HIDPI_IMAGES = YES;
				GCC_PRECOMPILE_PREFIX_HEADER = YES;
				GCC_PREFIX_HEADER = "RustyKext/RustyKext-Prefix.pch";
				INFOPLIST_FILE = "RustyKext/RustyKext-Info.plist";
				LIBRARY_SEARCH_PATHS = (
					"$(inherited)",
					"$(PROJECT_DIR)/kernel/target/debug",
				);
				MODULE_NAME = me.sysdev.RustyKext.RustyKext;
				MODULE_START = RustyKext_start;
				MODULE_STOP = RustyKext_stop;
				MODULE_VERSION = 1.0.0d1;
				PRODUCT_NAME = "$(TARGET_NAME)";
				SDKROOT = macosx10.10;
				WRAPPER_EXTENSION = kext;
			};
			name = Release;
		};
/* End XCBuildConfiguration section */

/* Begin XCConfigurationList section */
		4D9BD7211860134900F9FC50 /* Build configuration list for PBXLegacyTarget "RustSrc" */ = {
			isa = XCConfigurationList;
			buildConfigurations = (
				4D9BD7221860134900F9FC50 /* Debug */,
				4D9BD7231860134900F9FC50 /* Release */,
			);
			defaultConfigurationIsVisible = 0;
			defaultConfigurationName = Release;
		};
		4DA37BB7185F74CE000E9736 /* Build configuration list for PBXProject "RustyKext" */ = {
			isa = XCConfigurationList;
			buildConfigurations = (
				4DA37BCC185F74CE000E9736 /* Debug */,
				4DA37BCD185F74CE000E9736 /* Release */,
			);
			defaultConfigurationIsVisible = 0;
			defaultConfigurationName = Release;
		};
		4DA37BCE185F74CE000E9736 /* Build configuration list for PBXNativeTarget "RustyKext" */ = {
			isa = XCConfigurationList;
			buildConfigurations = (
				4DA37BCF185F74CE000E9736 /* Debug */,
				4DA37BD0185F74CE000E9736 /* Release */,
			);
			defaultConfigurationIsVisible = 0;
			defaultConfigurationName = Release;
		};
/* End XCConfigurationList section */
	};
	rootObject = 4DA37BB4185F74CE000E9736 /* Project object */;
}
